// !$*UTF8*$!
{
	archiveVersion = 1;
	classes = {
	};
	objectVersion = 50;
	objects = {

/* Begin PBXBuildFile section */
		CAE86D0D26F08268009A5DEF /* AppDelegate.swift in Sources */ = {isa = PBXBuildFile; fileRef = CAE86D0C26F08268009A5DEF /* AppDelegate.swift */; };
		CAE86D0F26F08268009A5DEF /* SceneDelegate.swift in Sources */ = {isa = PBXBuildFile; fileRef = CAE86D0E26F08268009A5DEF /* SceneDelegate.swift */; };
		CAE86D1126F08268009A5DEF /* ViewController.swift in Sources */ = {isa = PBXBuildFile; fileRef = CAE86D1026F08268009A5DEF /* ViewController.swift */; };
		CAE86D1426F08268009A5DEF /* Main.storyboard in Resources */ = {isa = PBXBuildFile; fileRef = CAE86D1226F08268009A5DEF /* Main.storyboard */; };
		CAE86D1626F08269009A5DEF /* Assets.xcassets in Resources */ = {isa = PBXBuildFile; fileRef = CAE86D1526F08269009A5DEF /* Assets.xcassets */; };
		CAE86D1926F08269009A5DEF /* LaunchScreen.storyboard in Resources */ = {isa = PBXBuildFile; fileRef = CAE86D1726F08269009A5DEF /* LaunchScreen.storyboard */; };
		CAE86D2126F13CB0009A5DEF /* Person.swift in Sources */ = {isa = PBXBuildFile; fileRef = CAE86D2026F13CB0009A5DEF /* Person.swift */; };
		CAE86D2326F13EF3009A5DEF /* ResultViewController.swift in Sources */ = {isa = PBXBuildFile; fileRef = CAE86D2226F13EF3009A5DEF /* ResultViewController.swift */; };
/* End PBXBuildFile section */

/* Begin PBXFileReference section */
		CAE86D0926F08268009A5DEF /* MrPerson.app */ = {isa = PBXFileReference; explicitFileType = wrapper.application; includeInIndex = 0; path = MrPerson.app; sourceTree = BUILT_PRODUCTS_DIR; };
		CAE86D0C26F08268009A5DEF /* AppDelegate.swift */ = {isa = PBXFileReference; lastKnownFileType = sourcecode.swift; path = AppDelegate.swift; sourceTree = "<group>"; };
		CAE86D0E26F08268009A5DEF /* SceneDelegate.swift */ = {isa = PBXFileReference; lastKnownFileType = sourcecode.swift; path = SceneDelegate.swift; sourceTree = "<group>"; };
		CAE86D1026F08268009A5DEF /* ViewController.swift */ = {isa = PBXFileReference; lastKnownFileType = sourcecode.swift; path = ViewController.swift; sourceTree = "<group>"; };
		CAE86D1326F08268009A5DEF /* Base */ = {isa = PBXFileReference; lastKnownFileType = file.storyboard; name = Base; path = Base.lproj/Main.storyboard; sourceTree = "<group>"; };
		CAE86D1526F08269009A5DEF /* Assets.xcassets */ = {isa = PBXFileReference; lastKnownFileType = folder.assetcatalog; path = Assets.xcassets; sourceTree = "<group>"; };
		CAE86D1826F08269009A5DEF /* Base */ = {isa = PBXFileReference; lastKnownFileType = file.storyboard; name = Base; path = Base.lproj/LaunchScreen.storyboard; sourceTree = "<group>"; };
		CAE86D1A26F08269009A5DEF /* Info.plist */ = {isa = PBXFileReference; lastKnownFileType = text.plist.xml; path = Info.plist; sourceTree = "<group>"; };
		CAE86D2026F13CB0009A5DEF /* Person.swift */ = {isa = PBXFileReference; lastKnownFileType = sourcecode.swift; path = Person.swift; sourceTree = "<group>"; };
		CAE86D2226F13EF3009A5DEF /* ResultViewController.swift */ = {isa = PBXFileReference; lastKnownFileType = sourcecode.swift; path = ResultViewController.swift; sourceTree = "<group>"; };
/* End PBXFileReference section */

/* Begin PBXFrameworksBuildPhase section */
		CAE86D0626F08268009A5DEF /* Frameworks */ = {
			isa = PBXFrameworksBuildPhase;
			buildActionMask = 2147483647;
			files = (
			);
			runOnlyForDeploymentPostprocessing = 0;
		};
/* End PBXFrameworksBuildPhase section */

/* Begin PBXGroup section */
		CAE86D0026F08268009A5DEF = {
			isa = PBXGroup;
			children = (
				CAE86D0B26F08268009A5DEF /* MrPerson */,
				CAE86D0A26F08268009A5DEF /* Products */,
			);
			sourceTree = "<group>";
		};
		CAE86D0A26F08268009A5DEF /* Products */ = {
			isa = PBXGroup;
			children = (
				CAE86D0926F08268009A5DEF /* MrPerson.app */,
			);
			name = Products;
			sourceTree = "<group>";
		};
		CAE86D0B26F08268009A5DEF /* MrPerson */ = {
			isa = PBXGroup;
			children = (
				CAE86D0C26F08268009A5DEF /* AppDelegate.swift */,
				CAE86D0E26F08268009A5DEF /* SceneDelegate.swift */,
				CAE86D1026F08268009A5DEF /* ViewController.swift */,
				CAE86D1226F08268009A5DEF /* Main.storyboard */,
				CAE86D1526F08269009A5DEF /* Assets.xcassets */,
				CAE86D1726F08269009A5DEF /* LaunchScreen.storyboard */,
				CAE86D1A26F08269009A5DEF /* Info.plist */,
				CAE86D2226F13EF3009A5DEF /* ResultViewController.swift */,
				CAE86D2026F13CB0009A5DEF /* Person.swift */,
			);
			path = MrPerson;
			sourceTree = "<group>";
		};
/* End PBXGroup section */

/* Begin PBXNativeTarget section */
		CAE86D0826F08268009A5DEF /* MrPerson */ = {
			isa = PBXNativeTarget;
			buildConfigurationList = CAE86D1D26F08269009A5DEF /* Build configuration list for PBXNativeTarget "MrPerson" */;
			buildPhases = (
				CAE86D0526F08268009A5DEF /* Sources */,
				CAE86D0626F08268009A5DEF /* Frameworks */,
				CAE86D0726F08268009A5DEF /* Resources */,
			);
			buildRules = (
			);
			dependencies = (
			);
			name = MrPerson;
			productName = MrPerson;
			productReference = CAE86D0926F08268009A5DEF /* MrPerson.app */;
			productType = "com.apple.product-type.application";
		};
/* End PBXNativeTarget section */

/* Begin PBXProject section */
		CAE86D0126F08268009A5DEF /* Project object */ = {
			isa = PBXProject;
			attributes = {
				LastSwiftUpdateCheck = 1250;
				LastUpgradeCheck = 1250;
				TargetAttributes = {
					CAE86D0826F08268009A5DEF = {
						CreatedOnToolsVersion = 12.5.1;
					};
				};
			};
			buildConfigurationList = CAE86D0426F08268009A5DEF /* Build configuration list for PBXProject "MrPerson" */;
			compatibilityVersion = "Xcode 9.3";
			developmentRegion = en;
			hasScannedForEncodings = 0;
			knownRegions = (
				en,
				Base,
			);
			mainGroup = CAE86D0026F08268009A5DEF;
			productRefGroup = CAE86D0A26F08268009A5DEF /* Products */;
			projectDirPath = "";
			projectRoot = "";
			targets = (
				CAE86D0826F08268009A5DEF /* MrPerson */,
			);
		};
/* End PBXProject section */

/* Begin PBXResourcesBuildPhase section */
		CAE86D0726F08268009A5DEF /* Resources */ = {
			isa = PBXResourcesBuildPhase;
			buildActionMask = 2147483647;
			files = (
				CAE86D1926F08269009A5DEF /* LaunchScreen.storyboard in Resources */,
				CAE86D1626F08269009A5DEF /* Assets.xcassets in Resources */,
				CAE86D1426F08268009A5DEF /* Main.storyboard in Resources */,
			);
			runOnlyForDeploymentPostprocessing = 0;
		};
/* End PBXResourcesBuildPhase section */

/* Begin PBXSourcesBuildPhase section */
		CAE86D0526F08268009A5DEF /* Sources */ = {
			isa = PBXSourcesBuildPhase;
			buildActionMask = 2147483647;
			files = (
				CAE86D2326F13EF3009A5DEF /* ResultViewController.swift in Sources */,
				CAE86D1126F08268009A5DEF /* ViewController.swift in Sources */,
				CAE86D0D26F08268009A5DEF /* AppDelegate.swift in Sources */,
				CAE86D2126F13CB0009A5DEF /* Person.swift in Sources */,
				CAE86D0F26F08268009A5DEF /* SceneDelegate.swift in Sources */,
			);
			runOnlyForDeploymentPostprocessing = 0;
		};
/* End PBXSourcesBuildPhase section */

/* Begin PBXVariantGroup section */
		CAE86D1226F08268009A5DEF /* Main.storyboard */ = {
			isa = PBXVariantGroup;
			children = (
				CAE86D1326F08268009A5DEF /* Base */,
			);
			name = Main.storyboard;
			sourceTree = "<group>";
		};
		CAE86D1726F08269009A5DEF /* LaunchScreen.storyboard */ = {
			isa = PBXVariantGroup;
			children = (
				CAE86D1826F08269009A5DEF /* Base */,
			);
			name = LaunchScreen.storyboard;
			sourceTree = "<group>";
		};
/* End PBXVariantGroup section */

/* Begin XCBuildConfiguration section */
		CAE86D1B26F08269009A5DEF /* Debug */ = {
			isa = XCBuildConfiguration;
			buildSettings = {
				ALWAYS_SEARCH_USER_PATHS = NO;
				CLANG_ANALYZER_NONNULL = YES;
				CLANG_ANALYZER_NUMBER_OBJECT_CONVERSION = YES_AGGRESSIVE;
				CLANG_CXX_LANGUAGE_STANDARD = "gnu++14";
				CLANG_CXX_LIBRARY = "libc++";
				CLANG_ENABLE_MODULES = YES;
				CLANG_ENABLE_OBJC_ARC = YES;
				CLANG_ENABLE_OBJC_WEAK = YES;
				CLANG_WARN_BLOCK_CAPTURE_AUTORELEASING = YES;
				CLANG_WARN_BOOL_CONVERSION = YES;
				CLANG_WARN_COMMA = YES;
				CLANG_WARN_CONSTANT_CONVERSION = YES;
				CLANG_WARN_DEPRECATED_OBJC_IMPLEMENTATIONS = YES;
				CLANG_WARN_DIRECT_OBJC_ISA_USAGE = YES_ERROR;
				CLANG_WARN_DOCUMENTATION_COMMENTS = YES;
				CLANG_WARN_EMPTY_BODY = YES;
				CLANG_WARN_ENUM_CONVERSION = YES;
				CLANG_WARN_INFINITE_RECURSION = YES;
				CLANG_WARN_INT_CONVERSION = YES;
				CLANG_WARN_NON_LITERAL_NULL_CONVERSION = YES;
				CLANG_WARN_OBJC_IMPLICIT_RETAIN_SELF = YES;
				CLANG_WARN_OBJC_LITERAL_CONVERSION = YES;
				CLANG_WARN_OBJC_ROOT_CLASS = YES_ERROR;
				CLANG_WARN_QUOTED_INCLUDE_IN_FRAMEWORK_HEADER = YES;
				CLANG_WARN_RANGE_LOOP_ANALYSIS = YES;
				CLANG_WARN_STRICT_PROTOTYPES = YES;
				CLANG_WARN_SUSPICIOUS_MOVE = YES;
				CLANG_WARN_UNGUARDED_AVAILABILITY = YES_AGGRESSIVE;
				CLANG_WARN_UNREACHABLE_CODE = YES;
				CLANG_WARN__DUPLICATE_METHOD_MATCH = YES;
				COPY_PHASE_STRIP = NO;
				DEBUG_INFORMATION_FORMAT = dwarf;
				ENABLE_STRICT_OBJC_MSGSEND = YES;
				ENABLE_TESTABILITY = YES;
				GCC_C_LANGUAGE_STANDARD = gnu11;
				GCC_DYNAMIC_NO_PIC = NO;
				GCC_NO_COMMON_BLOCKS = YES;
				GCC_OPTIMIZATION_LEVEL = 0;
				GCC_PREPROCESSOR_DEFINITIONS = (
					"DEBUG=1",
					"$(inherited)",
				);
				GCC_WARN_64_TO_32_BIT_CONVERSION = YES;
				GCC_WARN_ABOUT_RETURN_TYPE = YES_ERROR;
				GCC_WARN_UNDECLARED_SELECTOR = YES;
				GCC_WARN_UNINITIALIZED_AUTOS = YES_AGGRESSIVE;
				GCC_WARN_UNUSED_FUNCTION = YES;
				GCC_WARN_UNUSED_VARIABLE = YES;
				IPHONEOS_DEPLOYMENT_TARGET = 14.5;
				MTL_ENABLE_DEBUG_INFO = INCLUDE_SOURCE;
				MTL_FAST_MATH = YES;
				ONLY_ACTIVE_ARCH = YES;
				SDKROOT = iphoneos;
				SWIFT_ACTIVE_COMPILATION_CONDITIONS = DEBUG;
				SWIFT_OPTIMIZATION_LEVEL = "-Onone";
			};
			name = Debug;
		};
		CAE86D1C26F08269009A5DEF /* Release */ = {
			isa = XCBuildConfiguration;
			buildSettings = {
				ALWAYS_SEARCH_USER_PATHS = NO;
				CLANG_ANALYZER_NONNULL = YES;
				CLANG_ANALYZER_NUMBER_OBJECT_CONVERSION = YES_AGGRESSIVE;
				CLANG_CXX_LANGUAGE_STANDARD = "gnu++14";
				CLANG_CXX_LIBRARY = "libc++";
				CLANG_ENABLE_MODULES = YES;
				CLANG_ENABLE_OBJC_ARC = YES;
				CLANG_ENABLE_OBJC_WEAK = YES;
				CLANG_WARN_BLOCK_CAPTURE_AUTORELEASING = YES;
				CLANG_WARN_BOOL_CONVERSION = YES;
				CLANG_WARN_COMMA = YES;
				CLANG_WARN_CONSTANT_CONVERSION = YES;
				CLANG_WARN_DEPRECATED_OBJC_IMPLEMENTATIONS = YES;
				CLANG_WARN_DIRECT_OBJC_ISA_USAGE = YES_ERROR;
				CLANG_WARN_DOCUMENTATION_COMMENTS = YES;
				CLANG_WARN_EMPTY_BODY = YES;
				CLANG_WARN_ENUM_CONVERSION = YES;
				CLANG_WARN_INFINITE_RECURSION = YES;
				CLANG_WARN_INT_CONVERSION = YES;
				CLANG_WARN_NON_LITERAL_NULL_CONVERSION = YES;
				CLANG_WARN_OBJC_IMPLICIT_RETAIN_SELF = YES;
				CLANG_WARN_OBJC_LITERAL_CONVERSION = YES;
				CLANG_WARN_OBJC_ROOT_CLASS = YES_ERROR;
				CLANG_WARN_QUOTED_INCLUDE_IN_FRAMEWORK_HEADER = YES;
				CLANG_WARN_RANGE_LOOP_ANALYSIS = YES;
				CLANG_WARN_STRICT_PROTOTYPES = YES;
				CLANG_WARN_SUSPICIOUS_MOVE = YES;
				CLANG_WARN_UNGUARDED_AVAILABILITY = YES_AGGRESSIVE;
				CLANG_WARN_UNREACHABLE_CODE = YES;
				CLANG_WARN__DUPLICATE_METHOD_MATCH = YES;
				COPY_PHASE_STRIP = NO;
				DEBUG_INFORMATION_FORMAT = "dwarf-with-dsym";
				ENABLE_NS_ASSERTIONS = NO;
				ENABLE_STRICT_OBJC_MSGSEND = YES;
				GCC_C_LANGUAGE_STANDARD = gnu11;
				GCC_NO_COMMON_BLOCKS = YES;
				GCC_WARN_64_TO_32_BIT_CONVERSION = YES;
				GCC_WARN_ABOUT_RETURN_TYPE = YES_ERROR;
				GCC_WARN_UNDECLARED_SELECTOR = YES;
				GCC_WARN_UNINITIALIZED_AUTOS = YES_AGGRESSIVE;
				GCC_WARN_UNUSED_FUNCTION = YES;
				GCC_WARN_UNUSED_VARIABLE = YES;
				IPHONEOS_DEPLOYMENT_TARGET = 14.5;
				MTL_ENABLE_DEBUG_INFO = NO;
				MTL_FAST_MATH = YES;
				SDKROOT = iphoneos;
				SWIFT_COMPILATION_MODE = wholemodule;
				SWIFT_OPTIMIZATION_LEVEL = "-O";
				VALIDATE_PRODUCT = YES;
			};
			name = Release;
		};
		CAE86D1E26F08269009A5DEF /* Debug */ = {
			isa = XCBuildConfiguration;
			buildSettings = {
				ASSETCATALOG_COMPILER_APPICON_NAME = AppIcon;
				ASSETCATALOG_COMPILER_GLOBAL_ACCENT_COLOR_NAME = AccentColor;
				CODE_SIGN_STYLE = Automatic;
				INFOPLIST_FILE = MrPerson/Info.plist;
				LD_RUNPATH_SEARCH_PATHS = (
					"$(inherited)",
					"@executable_path/Frameworks",
				);
				PRODUCT_BUNDLE_IDENTIFIER = pl.com.koss.MrPerson;
				PRODUCT_NAME = "$(TARGET_NAME)";
				SWIFT_VERSION = 5.0;
				TARGETED_DEVICE_FAMILY = "1,2";
			};
			name = Debug;
		};
		CAE86D1F26F08269009A5DEF /* Release */ = {
			isa = XCBuildConfiguration;
			buildSettings = {
				ASSETCATALOG_COMPILER_APPICON_NAME = AppIcon;
				ASSETCATALOG_COMPILER_GLOBAL_ACCENT_COLOR_NAME = AccentColor;
				CODE_SIGN_STYLE = Automatic;
				INFOPLIST_FILE = MrPerson/Info.plist;
				LD_RUNPATH_SEARCH_PATHS = (
					"$(inherited)",
					"@executable_path/Frameworks",
				);
				PRODUCT_BUNDLE_IDENTIFIER = pl.com.koss.MrPerson;
				PRODUCT_NAME = "$(TARGET_NAME)";
				SWIFT_VERSION = 5.0;
				TARGETED_DEVICE_FAMILY = "1,2";
			};
			name = Release;
		};
/* End XCBuildConfiguration section */

/* Begin XCConfigurationList section */
		CAE86D0426F08268009A5DEF /* Build configuration list for PBXProject "MrPerson" */ = {
			isa = XCConfigurationList;
			buildConfigurations = (
				CAE86D1B26F08269009A5DEF /* Debug */,
				CAE86D1C26F08269009A5DEF /* Release */,
			);
			defaultConfigurationIsVisible = 0;
			defaultConfigurationName = Release;
		};
		CAE86D1D26F08269009A5DEF /* Build configuration list for PBXNativeTarget "MrPerson" */ = {
			isa = XCConfigurationList;
			buildConfigurations = (
				CAE86D1E26F08269009A5DEF /* Debug */,
				CAE86D1F26F08269009A5DEF /* Release */,
			);
			defaultConfigurationIsVisible = 0;
			defaultConfigurationName = Release;
		};
/* End XCConfigurationList section */
	};
	rootObject = CAE86D0126F08268009A5DEF /* Project object */;
}
